{
  "version": "5",
  "specifiers": {
    "jsr:@std/assert@1": "1.0.10",
    "jsr:@std/internal@^1.0.5": "1.0.5",
    "npm:@masala/parser@^2.0.0-rc2": "2.0.0-rc2",
    "npm:@types/node@*": "24.2.0",
    "npm:commander@^14.0.2": "14.0.2"
  },
  "jsr": {
    "@std/assert@1.0.10": {
      "integrity": "59b5cbac5bd55459a19045d95cc7c2ff787b4f8527c0dd195078ff6f9481fbb3",
      "dependencies": [
        "jsr:@std/internal"
      ]
    },
    "@std/internal@1.0.5": {
      "integrity": "54a546004f769c1ac9e025abd15a76b6671ddc9687e2313b67376125650dc7ba"
    }
  },
  "npm": {
    "@masala/parser@2.0.0-rc2": {
      "integrity": "sha512-p5tZX2cT5xaUmcyTQtnBz7i0QEwPAhvzM+nQ/fi1gk6qb2HWFAbxCjRzxL3E04vqKDaMSm0wrKsT2xBymyKMSg=="
    },
    "@types/node@24.2.0": {
      "integrity": "sha512-3xyG3pMCq3oYCNg7/ZP+E1ooTaGB4cG8JWRsqqOYQdbWNY4zbaV0Ennrd7stjiJEFZCaybcIgpTjJWHRfBSIDw==",
      "dependencies": [
        "undici-types"
      ]
    },
    "commander@14.0.2": {
      "integrity": "sha512-TywoWNNRbhoD0BXs1P3ZEScW8W5iKrnbithIl0YH+uCmBd0QpPOA8yc82DS3BIE5Ma6FnBVUsJ7wVUDz4dvOWQ=="
    },
    "undici-types@7.10.0": {
      "integrity": "sha512-t5Fy/nfn+14LuOc2KNYg75vZqClpAiqscVvMygNnlsHBFpSXdJaYtXMcdNLpl/Qvc3P2cB3s6lOV51nqsFq4ag=="
    }
  },
  "redirects": {
    "https://esm.sh/ansi-colors-ts@^0.0.1?target=denonext": "https://esm.sh/ansi-colors-ts@0.0.1?target=denonext",
    "https://esm.sh/gh/Speykious/arcsquared@main/src/index.ts": "https://esm.sh/gh/Speykious/arcsquared@a7fa552/src/index.ts"
  },
  "remote": {
    "https://esm.sh/ansi-colors-ts@0.0.1/denonext/ansi-colors-ts.mjs": "ce4b2e02141743d4c198499fca575907037e7fd7d2c9a1d11c745c3563fe4bb3",
    "https://esm.sh/ansi-colors-ts@0.0.1?target=denonext": "b2918bda8807eca0e7a72c24f7b44c79716aaeaa18fa3f7d5af6f34c8e99192d",
    "https://esm.sh/gh/Speykious/arcsquared@a7fa552/denonext/src/index.ts.mjs": "af3130c236dca810f9ca9c7fbf2a170af13666a73e41464d18a03a3f3c6ecc91",
    "https://esm.sh/gh/Speykious/arcsquared@a7fa552/src/index.ts": "f4162c70714880ba197f42ef9ac56afe631cc628aa757485057ae50ddb917aae"
  },
  "workspace": {
    "dependencies": [
      "jsr:@std/assert@1",
      "npm:@masala/parser@^2.0.0-rc2",
      "npm:commander@^14.0.2"
    ]
  }
}
